
Microsoft Visual Studio Solution File, Format Version 12.00
# Visual Studio Version 17
VisualStudioVersion = 17.11.35208.52
MinimumVisualStudioVersion = 10.0.40219.1
Project("{FAE04EC0-301F-11D3-BF4B-00C04F79EFBC}") = "UI", "PracticaFINAL\UI.csproj", "{6A40404D-2B69-4024-9043-DB541B5467DC}"
EndProject
Project("{FAE04EC0-301F-11D3-BF4B-00C04F79EFBC}") = "BE", "BE\BE.csproj", "{011B10E9-F4CC-49E0-BA70-1C727C2BDC3E}"
EndProject
Project("{FAE04EC0-301F-11D3-BF4B-00C04F79EFBC}") = "BLL", "BLL\BLL.csproj", "{E8236183-6DA7-40CF-B68C-955DB8370A08}"
EndProject
Project("{FAE04EC0-301F-11D3-BF4B-00C04F79EFBC}") = "MPP", "MPP\MPP.csproj", "{116ED24E-BFD2-4C19-A5C1-52E09DE7AAEA}"
EndProject
Project("{FAE04EC0-301F-11D3-BF4B-00C04F79EFBC}") = "DAL", "DAL\DAL.csproj", "{9551B751-CE8F-4761-A419-8AC534DF338A}"
EndProject
Global
	GlobalSection(SolutionConfigurationPlatforms) = preSolution
		Debug|Any CPU = Debug|Any CPU
		Release|Any CPU = Release|Any CPU
	EndGlobalSection
	GlobalSection(ProjectConfigurationPlatforms) = postSolution
		{6A40404D-2B69-4024-9043-DB541B5467DC}.Debug|Any CPU.ActiveCfg = Debug|Any CPU
		{6A40404D-2B69-4024-9043-DB541B5467DC}.Debug|Any CPU.Build.0 = Debug|Any CPU
		{6A40404D-2B69-4024-9043-DB541B5467DC}.Release|Any CPU.ActiveCfg = Release|Any CPU
		{6A40404D-2B69-4024-9043-DB541B5467DC}.Release|Any CPU.Build.0 = Release|Any CPU
		{011B10E9-F4CC-49E0-BA70-1C727C2BDC3E}.Debug|Any CPU.ActiveCfg = Debug|Any CPU
		{011B10E9-F4CC-49E0-BA70-1C727C2BDC3E}.Debug|Any CPU.Build.0 = Debug|Any CPU
		{011B10E9-F4CC-49E0-BA70-1C727C2BDC3E}.Release|Any CPU.ActiveCfg = Release|Any CPU
		{011B10E9-F4CC-49E0-BA70-1C727C2BDC3E}.Release|Any CPU.Build.0 = Release|Any CPU
		{E8236183-6DA7-40CF-B68C-955DB8370A08}.Debug|Any CPU.ActiveCfg = Debug|Any CPU
		{E8236183-6DA7-40CF-B68C-955DB8370A08}.Debug|Any CPU.Build.0 = Debug|Any CPU
		{E8236183-6DA7-40CF-B68C-955DB8370A08}.Release|Any CPU.ActiveCfg = Release|Any CPU
		{E8236183-6DA7-40CF-B68C-955DB8370A08}.Release|Any CPU.Build.0 = Release|Any CPU
		{116ED24E-BFD2-4C19-A5C1-52E09DE7AAEA}.Debug|Any CPU.ActiveCfg = Debug|Any CPU
		{116ED24E-BFD2-4C19-A5C1-52E09DE7AAEA}.Debug|Any CPU.Build.0 = Debug|Any CPU
		{116ED24E-BFD2-4C19-A5C1-52E09DE7AAEA}.Release|Any CPU.ActiveCfg = Release|Any CPU
		{116ED24E-BFD2-4C19-A5C1-52E09DE7AAEA}.Release|Any CPU.Build.0 = Release|Any CPU
		{9551B751-CE8F-4761-A419-8AC534DF338A}.Debug|Any CPU.ActiveCfg = Debug|Any CPU
		{9551B751-CE8F-4761-A419-8AC534DF338A}.Debug|Any CPU.Build.0 = Debug|Any CPU
		{9551B751-CE8F-4761-A419-8AC534DF338A}.Release|Any CPU.ActiveCfg = Release|Any CPU
		{9551B751-CE8F-4761-A419-8AC534DF338A}.Release|Any CPU.Build.0 = Release|Any CPU
	EndGlobalSection
	GlobalSection(SolutionProperties) = preSolution
		HideSolutionNode = FALSE
	EndGlobalSection
	GlobalSection(ExtensibilityGlobals) = postSolution
		SolutionGuid = {69999D62-9D3D-40A9-887F-AEF508FCACA0}
	EndGlobalSection
EndGlobal
